// !$*UTF8*$!
{
	archiveVersion = 1;
	classes = {
	};
	objectVersion = 55;
	objects = {

/* Begin PBXBuildFile section */
		8D09A3BD2872C051008675EC /* AppDelegate.swift in Sources */ = {isa = PBXBuildFile; fileRef = 8D09A3BC2872C051008675EC /* AppDelegate.swift */; };
		8D09A3BF2872C051008675EC /* SceneDelegate.swift in Sources */ = {isa = PBXBuildFile; fileRef = 8D09A3BE2872C051008675EC /* SceneDelegate.swift */; };
		8D09A3C12872C051008675EC /* HomeViewController.swift in Sources */ = {isa = PBXBuildFile; fileRef = 8D09A3C02872C051008675EC /* HomeViewController.swift */; };
		8D09A3C62872C057008675EC /* Assets.xcassets in Resources */ = {isa = PBXBuildFile; fileRef = 8D09A3C52872C057008675EC /* Assets.xcassets */; };
		8D09A3D42872C141008675EC /* LaunchScreen.storyboard in Resources */ = {isa = PBXBuildFile; fileRef = 8D09A3D32872C141008675EC /* LaunchScreen.storyboard */; };
		8D09A3D72872C3AF008675EC /* SnapKit in Frameworks */ = {isa = PBXBuildFile; productRef = 8D09A3D62872C3AF008675EC /* SnapKit */; };
		8DDAF7CB287BEBEF004C592C /* LoudnessViewController.swift in Sources */ = {isa = PBXBuildFile; fileRef = 8DDAF7CA287BEBEF004C592C /* LoudnessViewController.swift */; };
		8DDAF7CD287BECD3004C592C /* PhonationTimeViewController.swift in Sources */ = {isa = PBXBuildFile; fileRef = 8DDAF7CC287BECD3004C592C /* PhonationTimeViewController.swift */; };
		8DDAF7CF287BED29004C592C /* WordMemorizationViewController.swift in Sources */ = {isa = PBXBuildFile; fileRef = 8DDAF7CE287BED29004C592C /* WordMemorizationViewController.swift */; };
/* End PBXBuildFile section */

/* Begin PBXFileReference section */
		8D09A3B92872C051008675EC /* VocalTreatment.app */ = {isa = PBXFileReference; explicitFileType = wrapper.application; includeInIndex = 0; path = VocalTreatment.app; sourceTree = BUILT_PRODUCTS_DIR; };
		8D09A3BC2872C051008675EC /* AppDelegate.swift */ = {isa = PBXFileReference; lastKnownFileType = sourcecode.swift; path = AppDelegate.swift; sourceTree = "<group>"; };
		8D09A3BE2872C051008675EC /* SceneDelegate.swift */ = {isa = PBXFileReference; lastKnownFileType = sourcecode.swift; path = SceneDelegate.swift; sourceTree = "<group>"; };
		8D09A3C02872C051008675EC /* HomeViewController.swift */ = {isa = PBXFileReference; lastKnownFileType = sourcecode.swift; path = HomeViewController.swift; sourceTree = "<group>"; };
		8D09A3C52872C057008675EC /* Assets.xcassets */ = {isa = PBXFileReference; lastKnownFileType = folder.assetcatalog; path = Assets.xcassets; sourceTree = "<group>"; };
		8D09A3CA2872C057008675EC /* Info.plist */ = {isa = PBXFileReference; lastKnownFileType = text.plist.xml; path = Info.plist; sourceTree = "<group>"; };
		8D09A3D32872C141008675EC /* LaunchScreen.storyboard */ = {isa = PBXFileReference; fileEncoding = 4; lastKnownFileType = file.storyboard; path = LaunchScreen.storyboard; sourceTree = "<group>"; };
		8DDAF7CA287BEBEF004C592C /* LoudnessViewController.swift */ = {isa = PBXFileReference; lastKnownFileType = sourcecode.swift; path = LoudnessViewController.swift; sourceTree = "<group>"; };
		8DDAF7CC287BECD3004C592C /* PhonationTimeViewController.swift */ = {isa = PBXFileReference; lastKnownFileType = sourcecode.swift; path = PhonationTimeViewController.swift; sourceTree = "<group>"; };
		8DDAF7CE287BED29004C592C /* WordMemorizationViewController.swift */ = {isa = PBXFileReference; lastKnownFileType = sourcecode.swift; path = WordMemorizationViewController.swift; sourceTree = "<group>"; };
/* End PBXFileReference section */

/* Begin PBXFrameworksBuildPhase section */
		8D09A3B62872C051008675EC /* Frameworks */ = {
			isa = PBXFrameworksBuildPhase;
			buildActionMask = 2147483647;
			files = (
				8D09A3D72872C3AF008675EC /* SnapKit in Frameworks */,
			);
			runOnlyForDeploymentPostprocessing = 0;
		};
/* End PBXFrameworksBuildPhase section */

/* Begin PBXGroup section */
		8D09A3B02872C051008675EC = {
			isa = PBXGroup;
			children = (
				8D09A3BB2872C051008675EC /* VocalTreatment */,
				8D09A3BA2872C051008675EC /* Products */,
			);
			sourceTree = "<group>";
		};
		8D09A3BA2872C051008675EC /* Products */ = {
			isa = PBXGroup;
			children = (
				8D09A3B92872C051008675EC /* VocalTreatment.app */,
			);
			name = Products;
			sourceTree = "<group>";
		};
		8D09A3BB2872C051008675EC /* VocalTreatment */ = {
			isa = PBXGroup;
			children = (
				8DDAF7D0287BED56004C592C /* Controller */,
				8D09A3D02872C082008675EC /* SupportingFiles */,
				8D09A3CA2872C057008675EC /* Info.plist */,
			);
			path = VocalTreatment;
			sourceTree = "<group>";
		};
		8D09A3D02872C082008675EC /* SupportingFiles */ = {
			isa = PBXGroup;
			children = (
				8D09A3D32872C141008675EC /* LaunchScreen.storyboard */,
				8D09A3BC2872C051008675EC /* AppDelegate.swift */,
				8D09A3BE2872C051008675EC /* SceneDelegate.swift */,
				8D09A3C52872C057008675EC /* Assets.xcassets */,
			);
			path = SupportingFiles;
			sourceTree = "<group>";
		};
		8DDAF7D0287BED56004C592C /* Controller */ = {
			isa = PBXGroup;
			children = (
				8D09A3C02872C051008675EC /* HomeViewController.swift */,
				8DDAF7CA287BEBEF004C592C /* LoudnessViewController.swift */,
				8DDAF7CC287BECD3004C592C /* PhonationTimeViewController.swift */,
				8DDAF7CE287BED29004C592C /* WordMemorizationViewController.swift */,
			);
			path = Controller;
			sourceTree = "<group>";
		};
/* End PBXGroup section */

/* Begin PBXNativeTarget section */
		8D09A3B82872C051008675EC /* VocalTreatment */ = {
			isa = PBXNativeTarget;
			buildConfigurationList = 8D09A3CD2872C057008675EC /* Build configuration list for PBXNativeTarget "VocalTreatment" */;
			buildPhases = (
				8D09A3B52872C051008675EC /* Sources */,
				8D09A3B62872C051008675EC /* Frameworks */,
				8D09A3B72872C051008675EC /* Resources */,
			);
			buildRules = (
			);
			dependencies = (
			);
			name = VocalTreatment;
			packageProductDependencies = (
				8D09A3D62872C3AF008675EC /* SnapKit */,
			);
			productName = VocalTreatment;
			productReference = 8D09A3B92872C051008675EC /* VocalTreatment.app */;
			productType = "com.apple.product-type.application";
		};
/* End PBXNativeTarget section */

/* Begin PBXProject section */
		8D09A3B12872C051008675EC /* Project object */ = {
			isa = PBXProject;
			attributes = {
				BuildIndependentTargetsInParallel = 1;
				LastSwiftUpdateCheck = 1340;
				LastUpgradeCheck = 1340;
				TargetAttributes = {
					8D09A3B82872C051008675EC = {
						CreatedOnToolsVersion = 13.4;
					};
				};
			};
			buildConfigurationList = 8D09A3B42872C051008675EC /* Build configuration list for PBXProject "VocalTreatment" */;
			compatibilityVersion = "Xcode 13.0";
			developmentRegion = en;
			hasScannedForEncodings = 0;
			knownRegions = (
				en,
				Base,
			);
			mainGroup = 8D09A3B02872C051008675EC;
			packageReferences = (
				8D09A3D52872C3AF008675EC /* XCRemoteSwiftPackageReference "SnapKit" */,
			);
			productRefGroup = 8D09A3BA2872C051008675EC /* Products */;
			projectDirPath = "";
			projectRoot = "";
			targets = (
				8D09A3B82872C051008675EC /* VocalTreatment */,
			);
		};
/* End PBXProject section */

/* Begin PBXResourcesBuildPhase section */
		8D09A3B72872C051008675EC /* Resources */ = {
			isa = PBXResourcesBuildPhase;
			buildActionMask = 2147483647;
			files = (
				8D09A3D42872C141008675EC /* LaunchScreen.storyboard in Resources */,
				8D09A3C62872C057008675EC /* Assets.xcassets in Resources */,
			);
			runOnlyForDeploymentPostprocessing = 0;
		};
/* End PBXResourcesBuildPhase section */

/* Begin PBXSourcesBuildPhase section */
		8D09A3B52872C051008675EC /* Sources */ = {
			isa = PBXSourcesBuildPhase;
			buildActionMask = 2147483647;
			files = (
				8DDAF7CF287BED29004C592C /* WordMemorizationViewController.swift in Sources */,
				8D09A3C12872C051008675EC /* HomeViewController.swift in Sources */,
				8DDAF7CB287BEBEF004C592C /* LoudnessViewController.swift in Sources */,
				8DDAF7CD287BECD3004C592C /* PhonationTimeViewController.swift in Sources */,
				8D09A3BD2872C051008675EC /* AppDelegate.swift in Sources */,
				8D09A3BF2872C051008675EC /* SceneDelegate.swift in Sources */,
			);
			runOnlyForDeploymentPostprocessing = 0;
		};
/* End PBXSourcesBuildPhase section */

/* Begin XCBuildConfiguration section */
		8D09A3CB2872C057008675EC /* Debug */ = {
			isa = XCBuildConfiguration;
			buildSettings = {
				ALWAYS_SEARCH_USER_PATHS = NO;
				CLANG_ANALYZER_NONNULL = YES;
				CLANG_ANALYZER_NUMBER_OBJECT_CONVERSION = YES_AGGRESSIVE;
				CLANG_CXX_LANGUAGE_STANDARD = "gnu++17";
				CLANG_ENABLE_MODULES = YES;
				CLANG_ENABLE_OBJC_ARC = YES;
				CLANG_ENABLE_OBJC_WEAK = YES;
				CLANG_WARN_BLOCK_CAPTURE_AUTORELEASING = YES;
				CLANG_WARN_BOOL_CONVERSION = YES;
				CLANG_WARN_COMMA = YES;
				CLANG_WARN_CONSTANT_CONVERSION = YES;
				CLANG_WARN_DEPRECATED_OBJC_IMPLEMENTATIONS = YES;
				CLANG_WARN_DIRECT_OBJC_ISA_USAGE = YES_ERROR;
				CLANG_WARN_DOCUMENTATION_COMMENTS = YES;
				CLANG_WARN_EMPTY_BODY = YES;
				CLANG_WARN_ENUM_CONVERSION = YES;
				CLANG_WARN_INFINITE_RECURSION = YES;
				CLANG_WARN_INT_CONVERSION = YES;
				CLANG_WARN_NON_LITERAL_NULL_CONVERSION = YES;
				CLANG_WARN_OBJC_IMPLICIT_RETAIN_SELF = YES;
				CLANG_WARN_OBJC_LITERAL_CONVERSION = YES;
				CLANG_WARN_OBJC_ROOT_CLASS = YES_ERROR;
				CLANG_WARN_QUOTED_INCLUDE_IN_FRAMEWORK_HEADER = YES;
				CLANG_WARN_RANGE_LOOP_ANALYSIS = YES;
				CLANG_WARN_STRICT_PROTOTYPES = YES;
				CLANG_WARN_SUSPICIOUS_MOVE = YES;
				CLANG_WARN_UNGUARDED_AVAILABILITY = YES_AGGRESSIVE;
				CLANG_WARN_UNREACHABLE_CODE = YES;
				CLANG_WARN__DUPLICATE_METHOD_MATCH = YES;
				COPY_PHASE_STRIP = NO;
				DEBUG_INFORMATION_FORMAT = dwarf;
				ENABLE_STRICT_OBJC_MSGSEND = YES;
				ENABLE_TESTABILITY = YES;
				GCC_C_LANGUAGE_STANDARD = gnu11;
				GCC_DYNAMIC_NO_PIC = NO;
				GCC_NO_COMMON_BLOCKS = YES;
				GCC_OPTIMIZATION_LEVEL = 0;
				GCC_PREPROCESSOR_DEFINITIONS = (
					"DEBUG=1",
					"$(inherited)",
				);
				GCC_WARN_64_TO_32_BIT_CONVERSION = YES;
				GCC_WARN_ABOUT_RETURN_TYPE = YES_ERROR;
				GCC_WARN_UNDECLARED_SELECTOR = YES;
				GCC_WARN_UNINITIALIZED_AUTOS = YES_AGGRESSIVE;
				GCC_WARN_UNUSED_FUNCTION = YES;
				GCC_WARN_UNUSED_VARIABLE = YES;
				IPHONEOS_DEPLOYMENT_TARGET = 15.5;
				MTL_ENABLE_DEBUG_INFO = INCLUDE_SOURCE;
				MTL_FAST_MATH = YES;
				ONLY_ACTIVE_ARCH = YES;
				SDKROOT = iphoneos;
				SWIFT_ACTIVE_COMPILATION_CONDITIONS = DEBUG;
				SWIFT_OPTIMIZATION_LEVEL = "-Onone";
			};
			name = Debug;
		};
		8D09A3CC2872C057008675EC /* Release */ = {
			isa = XCBuildConfiguration;
			buildSettings = {
				ALWAYS_SEARCH_USER_PATHS = NO;
				CLANG_ANALYZER_NONNULL = YES;
				CLANG_ANALYZER_NUMBER_OBJECT_CONVERSION = YES_AGGRESSIVE;
				CLANG_CXX_LANGUAGE_STANDARD = "gnu++17";
				CLANG_ENABLE_MODULES = YES;
				CLANG_ENABLE_OBJC_ARC = YES;
				CLANG_ENABLE_OBJC_WEAK = YES;
				CLANG_WARN_BLOCK_CAPTURE_AUTORELEASING = YES;
				CLANG_WARN_BOOL_CONVERSION = YES;
				CLANG_WARN_COMMA = YES;
				CLANG_WARN_CONSTANT_CONVERSION = YES;
				CLANG_WARN_DEPRECATED_OBJC_IMPLEMENTATIONS = YES;
				CLANG_WARN_DIRECT_OBJC_ISA_USAGE = YES_ERROR;
				CLANG_WARN_DOCUMENTATION_COMMENTS = YES;
				CLANG_WARN_EMPTY_BODY = YES;
				CLANG_WARN_ENUM_CONVERSION = YES;
				CLANG_WARN_INFINITE_RECURSION = YES;
				CLANG_WARN_INT_CONVERSION = YES;
				CLANG_WARN_NON_LITERAL_NULL_CONVERSION = YES;
				CLANG_WARN_OBJC_IMPLICIT_RETAIN_SELF = YES;
				CLANG_WARN_OBJC_LITERAL_CONVERSION = YES;
				CLANG_WARN_OBJC_ROOT_CLASS = YES_ERROR;
				CLANG_WARN_QUOTED_INCLUDE_IN_FRAMEWORK_HEADER = YES;
				CLANG_WARN_RANGE_LOOP_ANALYSIS = YES;
				CLANG_WARN_STRICT_PROTOTYPES = YES;
				CLANG_WARN_SUSPICIOUS_MOVE = YES;
				CLANG_WARN_UNGUARDED_AVAILABILITY = YES_AGGRESSIVE;
				CLANG_WARN_UNREACHABLE_CODE = YES;
				CLANG_WARN__DUPLICATE_METHOD_MATCH = YES;
				COPY_PHASE_STRIP = NO;
				DEBUG_INFORMATION_FORMAT = "dwarf-with-dsym";
				ENABLE_NS_ASSERTIONS = NO;
				ENABLE_STRICT_OBJC_MSGSEND = YES;
				GCC_C_LANGUAGE_STANDARD = gnu11;
				GCC_NO_COMMON_BLOCKS = YES;
				GCC_WARN_64_TO_32_BIT_CONVERSION = YES;
				GCC_WARN_ABOUT_RETURN_TYPE = YES_ERROR;
				GCC_WARN_UNDECLARED_SELECTOR = YES;
				GCC_WARN_UNINITIALIZED_AUTOS = YES_AGGRESSIVE;
				GCC_WARN_UNUSED_FUNCTION = YES;
				GCC_WARN_UNUSED_VARIABLE = YES;
				IPHONEOS_DEPLOYMENT_TARGET = 15.5;
				MTL_ENABLE_DEBUG_INFO = NO;
				MTL_FAST_MATH = YES;
				SDKROOT = iphoneos;
				SWIFT_COMPILATION_MODE = wholemodule;
				SWIFT_OPTIMIZATION_LEVEL = "-O";
				VALIDATE_PRODUCT = YES;
			};
			name = Release;
		};
		8D09A3CE2872C057008675EC /* Debug */ = {
			isa = XCBuildConfiguration;
			buildSettings = {
				ASSETCATALOG_COMPILER_APPICON_NAME = AppIcon;
				ASSETCATALOG_COMPILER_GLOBAL_ACCENT_COLOR_NAME = AccentColor;
				CODE_SIGN_STYLE = Automatic;
				CURRENT_PROJECT_VERSION = 1;
				DEVELOPMENT_TEAM = "";
				GENERATE_INFOPLIST_FILE = YES;
				INFOPLIST_FILE = VocalTreatment/Info.plist;
				INFOPLIST_KEY_UIApplicationSupportsIndirectInputEvents = YES;
				INFOPLIST_KEY_UILaunchStoryboardName = LaunchScreen;
				INFOPLIST_KEY_UISupportedInterfaceOrientations_iPad = "UIInterfaceOrientationPortrait UIInterfaceOrientationPortraitUpsideDown UIInterfaceOrientationLandscapeLeft UIInterfaceOrientationLandscapeRight";
				INFOPLIST_KEY_UISupportedInterfaceOrientations_iPhone = "UIInterfaceOrientationPortrait UIInterfaceOrientationLandscapeLeft UIInterfaceOrientationLandscapeRight";
				IPHONEOS_DEPLOYMENT_TARGET = 15.4;
				LD_RUNPATH_SEARCH_PATHS = (
					"$(inherited)",
					"@executable_path/Frameworks",
				);
				MARKETING_VERSION = 1.0;
				PRODUCT_BUNDLE_IDENTIFIER = ko.pigGuAl.VocalTreatment;
				PRODUCT_NAME = "$(TARGET_NAME)";
				SWIFT_EMIT_LOC_STRINGS = YES;
				SWIFT_VERSION = 5.0;
				TARGETED_DEVICE_FAMILY = "1,2";
			};
			name = Debug;
		};
		8D09A3CF2872C057008675EC /* Release */ = {
			isa = XCBuildConfiguration;
			buildSettings = {
				ASSETCATALOG_COMPILER_APPICON_NAME = AppIcon;
				ASSETCATALOG_COMPILER_GLOBAL_ACCENT_COLOR_NAME = AccentColor;
				CODE_SIGN_STYLE = Automatic;
				CURRENT_PROJECT_VERSION = 1;
				DEVELOPMENT_TEAM = "";
				GENERATE_INFOPLIST_FILE = YES;
				INFOPLIST_FILE = VocalTreatment/Info.plist;
				INFOPLIST_KEY_UIApplicationSupportsIndirectInputEvents = YES;
				INFOPLIST_KEY_UILaunchStoryboardName = LaunchScreen;
				INFOPLIST_KEY_UISupportedInterfaceOrientations_iPad = "UIInterfaceOrientationPortrait UIInterfaceOrientationPortraitUpsideDown UIInterfaceOrientationLandscapeLeft UIInterfaceOrientationLandscapeRight";
				INFOPLIST_KEY_UISupportedInterfaceOrientations_iPhone = "UIInterfaceOrientationPortrait UIInterfaceOrientationLandscapeLeft UIInterfaceOrientationLandscapeRight";
				IPHONEOS_DEPLOYMENT_TARGET = 15.4;
				LD_RUNPATH_SEARCH_PATHS = (
					"$(inherited)",
					"@executable_path/Frameworks",
				);
				MARKETING_VERSION = 1.0;
				PRODUCT_BUNDLE_IDENTIFIER = ko.pigGuAl.VocalTreatment;
				PRODUCT_NAME = "$(TARGET_NAME)";
				SWIFT_EMIT_LOC_STRINGS = YES;
				SWIFT_VERSION = 5.0;
				TARGETED_DEVICE_FAMILY = "1,2";
			};
			name = Release;
		};
/* End XCBuildConfiguration section */

/* Begin XCConfigurationList section */
		8D09A3B42872C051008675EC /* Build configuration list for PBXProject "VocalTreatment" */ = {
			isa = XCConfigurationList;
			buildConfigurations = (
				8D09A3CB2872C057008675EC /* Debug */,
				8D09A3CC2872C057008675EC /* Release */,
			);
			defaultConfigurationIsVisible = 0;
			defaultConfigurationName = Release;
		};
		8D09A3CD2872C057008675EC /* Build configuration list for PBXNativeTarget "VocalTreatment" */ = {
			isa = XCConfigurationList;
			buildConfigurations = (
				8D09A3CE2872C057008675EC /* Debug */,
				8D09A3CF2872C057008675EC /* Release */,
			);
			defaultConfigurationIsVisible = 0;
			defaultConfigurationName = Release;
		};
/* End XCConfigurationList section */

/* Begin XCRemoteSwiftPackageReference section */
		8D09A3D52872C3AF008675EC /* XCRemoteSwiftPackageReference "SnapKit" */ = {
			isa = XCRemoteSwiftPackageReference;
			repositoryURL = "https://github.com/SnapKit/SnapKit.git";
			requirement = {
				branch = develop;
				kind = branch;
			};
		};
/* End XCRemoteSwiftPackageReference section */

/* Begin XCSwiftPackageProductDependency section */
		8D09A3D62872C3AF008675EC /* SnapKit */ = {
			isa = XCSwiftPackageProductDependency;
			package = 8D09A3D52872C3AF008675EC /* XCRemoteSwiftPackageReference "SnapKit" */;
			productName = SnapKit;
		};
/* End XCSwiftPackageProductDependency section */
	};
	rootObject = 8D09A3B12872C051008675EC /* Project object */;
}
